
Microsoft Visual Studio Solution File, Format Version 12.00
# Visual Studio Version 16
VisualStudioVersion = 16.0.29503.13
MinimumVisualStudioVersion = 10.0.40219.1
Project("{9A19103F-16F7-4668-BE54-9A1E7A4F7556}") = "LightShow", "LightShow\LightShow.csproj", "{B51866D1-7167-41BF-B77C-CE5A280648AD}"
EndProject
Global
	GlobalSection(SolutionConfigurationPlatforms) = preSolution
		Debug|Any CPU = Debug|Any CPU
		Release|Any CPU = Release|Any CPU
	EndGlobalSection
	GlobalSection(ProjectConfigurationPlatforms) = postSolution
		{B51866D1-7167-41BF-B77C-CE5A280648AD}.Debug|Any CPU.ActiveCfg = Debug|Any CPU
		{B51866D1-7167-41BF-B77C-CE5A280648AD}.Debug|Any CPU.Build.0 = Debug|Any CPU
		{B51866D1-7167-41BF-B77C-CE5A280648AD}.Release|Any CPU.ActiveCfg = Release|Any CPU
		{B51866D1-7167-41BF-B77C-CE5A280648AD}.Release|Any CPU.Build.0 = Release|Any CPU
	EndGlobalSection
	GlobalSection(SolutionProperties) = preSolution
		HideSolutionNode = FALSE
	EndGlobalSection
	GlobalSection(ExtensibilityGlobals) = postSolution
		SolutionGuid = {70032103-A079-40C8-90F8-F716A0848B3B}
	EndGlobalSection
EndGlobal
